
Microsoft Visual Studio Solution File, Format Version 12.00
# Visual Studio Version 17
VisualStudioVersion = 17.3.32901.215
MinimumVisualStudioVersion = 10.0.40219.1
Project("{FAE04EC0-301F-11D3-BF4B-00C04F79EFBC}") = "واجب رقم1", "واجب رقم1\واجب رقم1.csproj", "{D4BE1D24-3EFA-4783-A68C-216C26C4EC88}"
EndProject
Global
	GlobalSection(SolutionConfigurationPlatforms) = preSolution
		Debug|Any CPU = Debug|Any CPU
		Release|Any CPU = Release|Any CPU
	EndGlobalSection
	GlobalSection(ProjectConfigurationPlatforms) = postSolution
		{D4BE1D24-3EFA-4783-A68C-216C26C4EC88}.Debug|Any CPU.ActiveCfg = Debug|Any CPU
		{D4BE1D24-3EFA-4783-A68C-216C26C4EC88}.Debug|Any CPU.Build.0 = Debug|Any CPU
		{D4BE1D24-3EFA-4783-A68C-216C26C4EC88}.Release|Any CPU.ActiveCfg = Release|Any CPU
		{D4BE1D24-3EFA-4783-A68C-216C26C4EC88}.Release|Any CPU.Build.0 = Release|Any CPU
	EndGlobalSection
	GlobalSection(SolutionProperties) = preSolution
		HideSolutionNode = FALSE
	EndGlobalSection
	GlobalSection(ExtensibilityGlobals) = postSolution
		SolutionGuid = {33C2F90C-9D06-4338-B8DF-24FB745B394D}
	EndGlobalSection
EndGlobal
